// !$*UTF8*$!
{
	archiveVersion = 1;
	classes = {
	};
	objectVersion = 56;
	objects = {

/* Begin PBXBuildFile section */
		43E0458E2B0B138E0052B96F /* URLImage in Frameworks */ = {isa = PBXBuildFile; productRef = 43E0458D2B0B138E0052B96F /* URLImage */; };
		43E045902B0B138E0052B96F /* URLImageStore in Frameworks */ = {isa = PBXBuildFile; productRef = 43E0458F2B0B138E0052B96F /* URLImageStore */; };
		43EE474B2B05DD49005D82F2 /* The_3amApp.swift in Sources */ = {isa = PBXBuildFile; fileRef = 43EE474A2B05DD49005D82F2 /* The_3amApp.swift */; };
		43EE474D2B05DD49005D82F2 /* ContentView.swift in Sources */ = {isa = PBXBuildFile; fileRef = 43EE474C2B05DD49005D82F2 /* ContentView.swift */; };
		43EE474F2B05DD4B005D82F2 /* Assets.xcassets in Resources */ = {isa = PBXBuildFile; fileRef = 43EE474E2B05DD4B005D82F2 /* Assets.xcassets */; };
		43EE47522B05DD4B005D82F2 /* Preview Assets.xcassets in Resources */ = {isa = PBXBuildFile; fileRef = 43EE47512B05DD4B005D82F2 /* Preview Assets.xcassets */; };
		43EE475C2B05DD4B005D82F2 /* The_3amTests.swift in Sources */ = {isa = PBXBuildFile; fileRef = 43EE475B2B05DD4B005D82F2 /* The_3amTests.swift */; };
		43EE47662B05DD4B005D82F2 /* The_3amUITests.swift in Sources */ = {isa = PBXBuildFile; fileRef = 43EE47652B05DD4B005D82F2 /* The_3amUITests.swift */; };
		43EE47682B05DD4B005D82F2 /* The_3amUITestsLaunchTests.swift in Sources */ = {isa = PBXBuildFile; fileRef = 43EE47672B05DD4B005D82F2 /* The_3amUITestsLaunchTests.swift */; };
/* End PBXBuildFile section */

/* Begin PBXContainerItemProxy section */
		43EE47582B05DD4B005D82F2 /* PBXContainerItemProxy */ = {
			isa = PBXContainerItemProxy;
			containerPortal = 43EE473F2B05DD49005D82F2 /* Project object */;
			proxyType = 1;
			remoteGlobalIDString = 43EE47462B05DD49005D82F2;
			remoteInfo = "The 3am";
		};
		43EE47622B05DD4B005D82F2 /* PBXContainerItemProxy */ = {
			isa = PBXContainerItemProxy;
			containerPortal = 43EE473F2B05DD49005D82F2 /* Project object */;
			proxyType = 1;
			remoteGlobalIDString = 43EE47462B05DD49005D82F2;
			remoteInfo = "The 3am";
		};
/* End PBXContainerItemProxy section */

/* Begin PBXFileReference section */
		43EE47472B05DD49005D82F2 /* The 3am.app */ = {isa = PBXFileReference; explicitFileType = wrapper.application; includeInIndex = 0; path = "The 3am.app"; sourceTree = BUILT_PRODUCTS_DIR; };
		43EE474A2B05DD49005D82F2 /* The_3amApp.swift */ = {isa = PBXFileReference; lastKnownFileType = sourcecode.swift; path = The_3amApp.swift; sourceTree = "<group>"; };
		43EE474C2B05DD49005D82F2 /* ContentView.swift */ = {isa = PBXFileReference; lastKnownFileType = sourcecode.swift; path = ContentView.swift; sourceTree = "<group>"; };
		43EE474E2B05DD4B005D82F2 /* Assets.xcassets */ = {isa = PBXFileReference; lastKnownFileType = folder.assetcatalog; path = Assets.xcassets; sourceTree = "<group>"; };
		43EE47512B05DD4B005D82F2 /* Preview Assets.xcassets */ = {isa = PBXFileReference; lastKnownFileType = folder.assetcatalog; path = "Preview Assets.xcassets"; sourceTree = "<group>"; };
		43EE47572B05DD4B005D82F2 /* The 3amTests.xctest */ = {isa = PBXFileReference; explicitFileType = wrapper.cfbundle; includeInIndex = 0; path = "The 3amTests.xctest"; sourceTree = BUILT_PRODUCTS_DIR; };
		43EE475B2B05DD4B005D82F2 /* The_3amTests.swift */ = {isa = PBXFileReference; lastKnownFileType = sourcecode.swift; path = The_3amTests.swift; sourceTree = "<group>"; };
		43EE47612B05DD4B005D82F2 /* The 3amUITests.xctest */ = {isa = PBXFileReference; explicitFileType = wrapper.cfbundle; includeInIndex = 0; path = "The 3amUITests.xctest"; sourceTree = BUILT_PRODUCTS_DIR; };
		43EE47652B05DD4B005D82F2 /* The_3amUITests.swift */ = {isa = PBXFileReference; lastKnownFileType = sourcecode.swift; path = The_3amUITests.swift; sourceTree = "<group>"; };
		43EE47672B05DD4B005D82F2 /* The_3amUITestsLaunchTests.swift */ = {isa = PBXFileReference; lastKnownFileType = sourcecode.swift; path = The_3amUITestsLaunchTests.swift; sourceTree = "<group>"; };
/* End PBXFileReference section */

/* Begin PBXFrameworksBuildPhase section */
		43EE47442B05DD49005D82F2 /* Frameworks */ = {
			isa = PBXFrameworksBuildPhase;
			buildActionMask = 2147483647;
			files = (
				43E045902B0B138E0052B96F /* URLImageStore in Frameworks */,
				43E0458E2B0B138E0052B96F /* URLImage in Frameworks */,
			);
			runOnlyForDeploymentPostprocessing = 0;
		};
		43EE47542B05DD4B005D82F2 /* Frameworks */ = {
			isa = PBXFrameworksBuildPhase;
			buildActionMask = 2147483647;
			files = (
			);
			runOnlyForDeploymentPostprocessing = 0;
		};
		43EE475E2B05DD4B005D82F2 /* Frameworks */ = {
			isa = PBXFrameworksBuildPhase;
			buildActionMask = 2147483647;
			files = (
			);
			runOnlyForDeploymentPostprocessing = 0;
		};
/* End PBXFrameworksBuildPhase section */

/* Begin PBXGroup section */
		43EE473E2B05DD49005D82F2 = {
			isa = PBXGroup;
			children = (
				43EE47492B05DD49005D82F2 /* The 3am */,
				43EE475A2B05DD4B005D82F2 /* The 3amTests */,
				43EE47642B05DD4B005D82F2 /* The 3amUITests */,
				43EE47482B05DD49005D82F2 /* Products */,
			);
			sourceTree = "<group>";
		};
		43EE47482B05DD49005D82F2 /* Products */ = {
			isa = PBXGroup;
			children = (
				43EE47472B05DD49005D82F2 /* The 3am.app */,
				43EE47572B05DD4B005D82F2 /* The 3amTests.xctest */,
				43EE47612B05DD4B005D82F2 /* The 3amUITests.xctest */,
			);
			name = Products;
			sourceTree = "<group>";
		};
		43EE47492B05DD49005D82F2 /* The 3am */ = {
			isa = PBXGroup;
			children = (
				43EE474A2B05DD49005D82F2 /* The_3amApp.swift */,
				43EE474C2B05DD49005D82F2 /* ContentView.swift */,
				43EE474E2B05DD4B005D82F2 /* Assets.xcassets */,
				43EE47502B05DD4B005D82F2 /* Preview Content */,
			);
			path = "The 3am";
			sourceTree = "<group>";
		};
		43EE47502B05DD4B005D82F2 /* Preview Content */ = {
			isa = PBXGroup;
			children = (
				43EE47512B05DD4B005D82F2 /* Preview Assets.xcassets */,
			);
			path = "Preview Content";
			sourceTree = "<group>";
		};
		43EE475A2B05DD4B005D82F2 /* The 3amTests */ = {
			isa = PBXGroup;
			children = (
				43EE475B2B05DD4B005D82F2 /* The_3amTests.swift */,
			);
			path = "The 3amTests";
			sourceTree = "<group>";
		};
		43EE47642B05DD4B005D82F2 /* The 3amUITests */ = {
			isa = PBXGroup;
			children = (
				43EE47652B05DD4B005D82F2 /* The_3amUITests.swift */,
				43EE47672B05DD4B005D82F2 /* The_3amUITestsLaunchTests.swift */,
			);
			path = "The 3amUITests";
			sourceTree = "<group>";
		};
/* End PBXGroup section */

/* Begin PBXNativeTarget section */
		43EE47462B05DD49005D82F2 /* The 3am */ = {
			isa = PBXNativeTarget;
			buildConfigurationList = 43EE476B2B05DD4B005D82F2 /* Build configuration list for PBXNativeTarget "The 3am" */;
			buildPhases = (
				43EE47432B05DD49005D82F2 /* Sources */,
				43EE47442B05DD49005D82F2 /* Frameworks */,
				43EE47452B05DD49005D82F2 /* Resources */,
			);
			buildRules = (
			);
			dependencies = (
			);
			name = "The 3am";
			packageProductDependencies = (
				43E0458D2B0B138E0052B96F /* URLImage */,
				43E0458F2B0B138E0052B96F /* URLImageStore */,
			);
			productName = "The 3am";
			productReference = 43EE47472B05DD49005D82F2 /* The 3am.app */;
			productType = "com.apple.product-type.application";
		};
		43EE47562B05DD4B005D82F2 /* The 3amTests */ = {
			isa = PBXNativeTarget;
			buildConfigurationList = 43EE476E2B05DD4B005D82F2 /* Build configuration list for PBXNativeTarget "The 3amTests" */;
			buildPhases = (
				43EE47532B05DD4B005D82F2 /* Sources */,
				43EE47542B05DD4B005D82F2 /* Frameworks */,
				43EE47552B05DD4B005D82F2 /* Resources */,
			);
			buildRules = (
			);
			dependencies = (
				43EE47592B05DD4B005D82F2 /* PBXTargetDependency */,
			);
			name = "The 3amTests";
			productName = "The 3amTests";
			productReference = 43EE47572B05DD4B005D82F2 /* The 3amTests.xctest */;
			productType = "com.apple.product-type.bundle.unit-test";
		};
		43EE47602B05DD4B005D82F2 /* The 3amUITests */ = {
			isa = PBXNativeTarget;
			buildConfigurationList = 43EE47712B05DD4B005D82F2 /* Build configuration list for PBXNativeTarget "The 3amUITests" */;
			buildPhases = (
				43EE475D2B05DD4B005D82F2 /* Sources */,
				43EE475E2B05DD4B005D82F2 /* Frameworks */,
				43EE475F2B05DD4B005D82F2 /* Resources */,
			);
			buildRules = (
			);
			dependencies = (
				43EE47632B05DD4B005D82F2 /* PBXTargetDependency */,
			);
			name = "The 3amUITests";
			productName = "The 3amUITests";
			productReference = 43EE47612B05DD4B005D82F2 /* The 3amUITests.xctest */;
			productType = "com.apple.product-type.bundle.ui-testing";
		};
/* End PBXNativeTarget section */

/* Begin PBXProject section */
		43EE473F2B05DD49005D82F2 /* Project object */ = {
			isa = PBXProject;
			attributes = {
				BuildIndependentTargetsInParallel = 1;
				LastSwiftUpdateCheck = 1500;
				LastUpgradeCheck = 1500;
				TargetAttributes = {
					43EE47462B05DD49005D82F2 = {
						CreatedOnToolsVersion = 15.0.1;
					};
					43EE47562B05DD4B005D82F2 = {
						CreatedOnToolsVersion = 15.0.1;
						TestTargetID = 43EE47462B05DD49005D82F2;
					};
					43EE47602B05DD4B005D82F2 = {
						CreatedOnToolsVersion = 15.0.1;
						TestTargetID = 43EE47462B05DD49005D82F2;
					};
				};
			};
			buildConfigurationList = 43EE47422B05DD49005D82F2 /* Build configuration list for PBXProject "The 3am" */;
			compatibilityVersion = "Xcode 14.0";
			developmentRegion = en;
			hasScannedForEncodings = 0;
			knownRegions = (
				en,
				Base,
			);
			mainGroup = 43EE473E2B05DD49005D82F2;
			packageReferences = (
				43E0458C2B0B08FF0052B96F /* XCRemoteSwiftPackageReference "url-image" */,
			);
			productRefGroup = 43EE47482B05DD49005D82F2 /* Products */;
			projectDirPath = "";
			projectRoot = "";
			targets = (
				43EE47462B05DD49005D82F2 /* The 3am */,
				43EE47562B05DD4B005D82F2 /* The 3amTests */,
				43EE47602B05DD4B005D82F2 /* The 3amUITests */,
			);
		};
/* End PBXProject section */

/* Begin PBXResourcesBuildPhase section */
		43EE47452B05DD49005D82F2 /* Resources */ = {
			isa = PBXResourcesBuildPhase;
			buildActionMask = 2147483647;
			files = (
				43EE47522B05DD4B005D82F2 /* Preview Assets.xcassets in Resources */,
				43EE474F2B05DD4B005D82F2 /* Assets.xcassets in Resources */,
			);
			runOnlyForDeploymentPostprocessing = 0;
		};
		43EE47552B05DD4B005D82F2 /* Resources */ = {
			isa = PBXResourcesBuildPhase;
			buildActionMask = 2147483647;
			files = (
			);
			runOnlyForDeploymentPostprocessing = 0;
		};
		43EE475F2B05DD4B005D82F2 /* Resources */ = {
			isa = PBXResourcesBuildPhase;
			buildActionMask = 2147483647;
			files = (
			);
			runOnlyForDeploymentPostprocessing = 0;
		};
/* End PBXResourcesBuildPhase section */

/* Begin PBXSourcesBuildPhase section */
		43EE47432B05DD49005D82F2 /* Sources */ = {
			isa = PBXSourcesBuildPhase;
			buildActionMask = 2147483647;
			files = (
				43EE474D2B05DD49005D82F2 /* ContentView.swift in Sources */,
				43EE474B2B05DD49005D82F2 /* The_3amApp.swift in Sources */,
			);
			runOnlyForDeploymentPostprocessing = 0;
		};
		43EE47532B05DD4B005D82F2 /* Sources */ = {
			isa = PBXSourcesBuildPhase;
			buildActionMask = 2147483647;
			files = (
				43EE475C2B05DD4B005D82F2 /* The_3amTests.swift in Sources */,
			);
			runOnlyForDeploymentPostprocessing = 0;
		};
		43EE475D2B05DD4B005D82F2 /* Sources */ = {
			isa = PBXSourcesBuildPhase;
			buildActionMask = 2147483647;
			files = (
				43EE47682B05DD4B005D82F2 /* The_3amUITestsLaunchTests.swift in Sources */,
				43EE47662B05DD4B005D82F2 /* The_3amUITests.swift in Sources */,
			);
			runOnlyForDeploymentPostprocessing = 0;
		};
/* End PBXSourcesBuildPhase section */

/* Begin PBXTargetDependency section */
		43EE47592B05DD4B005D82F2 /* PBXTargetDependency */ = {
			isa = PBXTargetDependency;
			target = 43EE47462B05DD49005D82F2 /* The 3am */;
			targetProxy = 43EE47582B05DD4B005D82F2 /* PBXContainerItemProxy */;
		};
		43EE47632B05DD4B005D82F2 /* PBXTargetDependency */ = {
			isa = PBXTargetDependency;
			target = 43EE47462B05DD49005D82F2 /* The 3am */;
			targetProxy = 43EE47622B05DD4B005D82F2 /* PBXContainerItemProxy */;
		};
/* End PBXTargetDependency section */

/* Begin XCBuildConfiguration section */
		43EE47692B05DD4B005D82F2 /* Debug */ = {
			isa = XCBuildConfiguration;
			buildSettings = {
				ALWAYS_SEARCH_USER_PATHS = NO;
				ASSETCATALOG_COMPILER_GENERATE_SWIFT_ASSET_SYMBOL_EXTENSIONS = YES;
				CLANG_ANALYZER_NONNULL = YES;
				CLANG_ANALYZER_NUMBER_OBJECT_CONVERSION = YES_AGGRESSIVE;
				CLANG_CXX_LANGUAGE_STANDARD = "gnu++20";
				CLANG_ENABLE_MODULES = YES;
				CLANG_ENABLE_OBJC_ARC = YES;
				CLANG_ENABLE_OBJC_WEAK = YES;
				CLANG_WARN_BLOCK_CAPTURE_AUTORELEASING = YES;
				CLANG_WARN_BOOL_CONVERSION = YES;
				CLANG_WARN_COMMA = YES;
				CLANG_WARN_CONSTANT_CONVERSION = YES;
				CLANG_WARN_DEPRECATED_OBJC_IMPLEMENTATIONS = YES;
				CLANG_WARN_DIRECT_OBJC_ISA_USAGE = YES_ERROR;
				CLANG_WARN_DOCUMENTATION_COMMENTS = YES;
				CLANG_WARN_EMPTY_BODY = YES;
				CLANG_WARN_ENUM_CONVERSION = YES;
				CLANG_WARN_INFINITE_RECURSION = YES;
				CLANG_WARN_INT_CONVERSION = YES;
				CLANG_WARN_NON_LITERAL_NULL_CONVERSION = YES;
				CLANG_WARN_OBJC_IMPLICIT_RETAIN_SELF = YES;
				CLANG_WARN_OBJC_LITERAL_CONVERSION = YES;
				CLANG_WARN_OBJC_ROOT_CLASS = YES_ERROR;
				CLANG_WARN_QUOTED_INCLUDE_IN_FRAMEWORK_HEADER = YES;
				CLANG_WARN_RANGE_LOOP_ANALYSIS = YES;
				CLANG_WARN_STRICT_PROTOTYPES = YES;
				CLANG_WARN_SUSPICIOUS_MOVE = YES;
				CLANG_WARN_UNGUARDED_AVAILABILITY = YES_AGGRESSIVE;
				CLANG_WARN_UNREACHABLE_CODE = YES;
				CLANG_WARN__DUPLICATE_METHOD_MATCH = YES;
				COPY_PHASE_STRIP = NO;
				DEBUG_INFORMATION_FORMAT = dwarf;
				ENABLE_STRICT_OBJC_MSGSEND = YES;
				ENABLE_TESTABILITY = YES;
				ENABLE_USER_SCRIPT_SANDBOXING = YES;
				GCC_C_LANGUAGE_STANDARD = gnu17;
				GCC_DYNAMIC_NO_PIC = NO;
				GCC_NO_COMMON_BLOCKS = YES;
				GCC_OPTIMIZATION_LEVEL = 0;
				GCC_PREPROCESSOR_DEFINITIONS = (
					"DEBUG=1",
					"$(inherited)",
				);
				GCC_WARN_64_TO_32_BIT_CONVERSION = YES;
				GCC_WARN_ABOUT_RETURN_TYPE = YES_ERROR;
				GCC_WARN_UNDECLARED_SELECTOR = YES;
				GCC_WARN_UNINITIALIZED_AUTOS = YES_AGGRESSIVE;
				GCC_WARN_UNUSED_FUNCTION = YES;
				GCC_WARN_UNUSED_VARIABLE = YES;
				IPHONEOS_DEPLOYMENT_TARGET = 17.0;
				LOCALIZATION_PREFERS_STRING_CATALOGS = YES;
				MTL_ENABLE_DEBUG_INFO = INCLUDE_SOURCE;
				MTL_FAST_MATH = YES;
				ONLY_ACTIVE_ARCH = YES;
				SDKROOT = iphoneos;
				SWIFT_ACTIVE_COMPILATION_CONDITIONS = "DEBUG $(inherited)";
				SWIFT_OPTIMIZATION_LEVEL = "-Onone";
			};
			name = Debug;
		};
		43EE476A2B05DD4B005D82F2 /* Release */ = {
			isa = XCBuildConfiguration;
			buildSettings = {
				ALWAYS_SEARCH_USER_PATHS = NO;
				ASSETCATALOG_COMPILER_GENERATE_SWIFT_ASSET_SYMBOL_EXTENSIONS = YES;
				CLANG_ANALYZER_NONNULL = YES;
				CLANG_ANALYZER_NUMBER_OBJECT_CONVERSION = YES_AGGRESSIVE;
				CLANG_CXX_LANGUAGE_STANDARD = "gnu++20";
				CLANG_ENABLE_MODULES = YES;
				CLANG_ENABLE_OBJC_ARC = YES;
				CLANG_ENABLE_OBJC_WEAK = YES;
				CLANG_WARN_BLOCK_CAPTURE_AUTORELEASING = YES;
				CLANG_WARN_BOOL_CONVERSION = YES;
				CLANG_WARN_COMMA = YES;
				CLANG_WARN_CONSTANT_CONVERSION = YES;
				CLANG_WARN_DEPRECATED_OBJC_IMPLEMENTATIONS = YES;
				CLANG_WARN_DIRECT_OBJC_ISA_USAGE = YES_ERROR;
				CLANG_WARN_DOCUMENTATION_COMMENTS = YES;
				CLANG_WARN_EMPTY_BODY = YES;
				CLANG_WARN_ENUM_CONVERSION = YES;
				CLANG_WARN_INFINITE_RECURSION = YES;
				CLANG_WARN_INT_CONVERSION = YES;
				CLANG_WARN_NON_LITERAL_NULL_CONVERSION = YES;
				CLANG_WARN_OBJC_IMPLICIT_RETAIN_SELF = YES;
				CLANG_WARN_OBJC_LITERAL_CONVERSION = YES;
				CLANG_WARN_OBJC_ROOT_CLASS = YES_ERROR;
				CLANG_WARN_QUOTED_INCLUDE_IN_FRAMEWORK_HEADER = YES;
				CLANG_WARN_RANGE_LOOP_ANALYSIS = YES;
				CLANG_WARN_STRICT_PROTOTYPES = YES;
				CLANG_WARN_SUSPICIOUS_MOVE = YES;
				CLANG_WARN_UNGUARDED_AVAILABILITY = YES_AGGRESSIVE;
				CLANG_WARN_UNREACHABLE_CODE = YES;
				CLANG_WARN__DUPLICATE_METHOD_MATCH = YES;
				COPY_PHASE_STRIP = NO;
				DEBUG_INFORMATION_FORMAT = "dwarf-with-dsym";
				ENABLE_NS_ASSERTIONS = NO;
				ENABLE_STRICT_OBJC_MSGSEND = YES;
				ENABLE_USER_SCRIPT_SANDBOXING = YES;
				GCC_C_LANGUAGE_STANDARD = gnu17;
				GCC_NO_COMMON_BLOCKS = YES;
				GCC_WARN_64_TO_32_BIT_CONVERSION = YES;
				GCC_WARN_ABOUT_RETURN_TYPE = YES_ERROR;
				GCC_WARN_UNDECLARED_SELECTOR = YES;
				GCC_WARN_UNINITIALIZED_AUTOS = YES_AGGRESSIVE;
				GCC_WARN_UNUSED_FUNCTION = YES;
				GCC_WARN_UNUSED_VARIABLE = YES;
				IPHONEOS_DEPLOYMENT_TARGET = 17.0;
				LOCALIZATION_PREFERS_STRING_CATALOGS = YES;
				MTL_ENABLE_DEBUG_INFO = NO;
				MTL_FAST_MATH = YES;
				SDKROOT = iphoneos;
				SWIFT_COMPILATION_MODE = wholemodule;
				VALIDATE_PRODUCT = YES;
			};
			name = Release;
		};
		43EE476C2B05DD4B005D82F2 /* Debug */ = {
			isa = XCBuildConfiguration;
			buildSettings = {
				ASSETCATALOG_COMPILER_APPICON_NAME = AppIcon;
				ASSETCATALOG_COMPILER_GLOBAL_ACCENT_COLOR_NAME = AccentColor;
				CODE_SIGN_STYLE = Automatic;
				CURRENT_PROJECT_VERSION = 1;
				DEVELOPMENT_ASSET_PATHS = "\"The 3am/Preview Content\"";
				ENABLE_PREVIEWS = YES;
				GENERATE_INFOPLIST_FILE = YES;
				INFOPLIST_KEY_UIApplicationSceneManifest_Generation = YES;
				INFOPLIST_KEY_UIApplicationSupportsIndirectInputEvents = YES;
				INFOPLIST_KEY_UILaunchScreen_Generation = YES;
				INFOPLIST_KEY_UISupportedInterfaceOrientations_iPad = "UIInterfaceOrientationPortrait UIInterfaceOrientationPortraitUpsideDown UIInterfaceOrientationLandscapeLeft UIInterfaceOrientationLandscapeRight";
				INFOPLIST_KEY_UISupportedInterfaceOrientations_iPhone = "UIInterfaceOrientationPortrait UIInterfaceOrientationLandscapeLeft UIInterfaceOrientationLandscapeRight";
				LD_RUNPATH_SEARCH_PATHS = (
					"$(inherited)",
					"@executable_path/Frameworks",
				);
				MARKETING_VERSION = 1.0;
				PRODUCT_BUNDLE_IDENTIFIER = "io.ios.The-3am";
				PRODUCT_NAME = "$(TARGET_NAME)";
				SWIFT_EMIT_LOC_STRINGS = YES;
				SWIFT_VERSION = 5.0;
				TARGETED_DEVICE_FAMILY = "1,2";
			};
			name = Debug;
		};
		43EE476D2B05DD4B005D82F2 /* Release */ = {
			isa = XCBuildConfiguration;
			buildSettings = {
				ASSETCATALOG_COMPILER_APPICON_NAME = AppIcon;
				ASSETCATALOG_COMPILER_GLOBAL_ACCENT_COLOR_NAME = AccentColor;
				CODE_SIGN_STYLE = Automatic;
				CURRENT_PROJECT_VERSION = 1;
				DEVELOPMENT_ASSET_PATHS = "\"The 3am/Preview Content\"";
				ENABLE_PREVIEWS = YES;
				GENERATE_INFOPLIST_FILE = YES;
				INFOPLIST_KEY_UIApplicationSceneManifest_Generation = YES;
				INFOPLIST_KEY_UIApplicationSupportsIndirectInputEvents = YES;
				INFOPLIST_KEY_UILaunchScreen_Generation = YES;
				INFOPLIST_KEY_UISupportedInterfaceOrientations_iPad = "UIInterfaceOrientationPortrait UIInterfaceOrientationPortraitUpsideDown UIInterfaceOrientationLandscapeLeft UIInterfaceOrientationLandscapeRight";
				INFOPLIST_KEY_UISupportedInterfaceOrientations_iPhone = "UIInterfaceOrientationPortrait UIInterfaceOrientationLandscapeLeft UIInterfaceOrientationLandscapeRight";
				LD_RUNPATH_SEARCH_PATHS = (
					"$(inherited)",
					"@executable_path/Frameworks",
				);
				MARKETING_VERSION = 1.0;
				PRODUCT_BUNDLE_IDENTIFIER = "io.ios.The-3am";
				PRODUCT_NAME = "$(TARGET_NAME)";
				SWIFT_EMIT_LOC_STRINGS = YES;
				SWIFT_VERSION = 5.0;
				TARGETED_DEVICE_FAMILY = "1,2";
			};
			name = Release;
		};
		43EE476F2B05DD4B005D82F2 /* Debug */ = {
			isa = XCBuildConfiguration;
			buildSettings = {
				ALWAYS_EMBED_SWIFT_STANDARD_LIBRARIES = YES;
				BUNDLE_LOADER = "$(TEST_HOST)";
				CODE_SIGN_STYLE = Automatic;
				CURRENT_PROJECT_VERSION = 1;
				GENERATE_INFOPLIST_FILE = YES;
				IPHONEOS_DEPLOYMENT_TARGET = 17.0;
				MARKETING_VERSION = 1.0;
				PRODUCT_BUNDLE_IDENTIFIER = "io.ios.The-3amTests";
				PRODUCT_NAME = "$(TARGET_NAME)";
				SWIFT_EMIT_LOC_STRINGS = NO;
				SWIFT_VERSION = 5.0;
				TARGETED_DEVICE_FAMILY = "1,2";
				TEST_HOST = "$(BUILT_PRODUCTS_DIR)/The 3am.app/$(BUNDLE_EXECUTABLE_FOLDER_PATH)/The 3am";
			};
			name = Debug;
		};
		43EE47702B05DD4B005D82F2 /* Release */ = {
			isa = XCBuildConfiguration;
			buildSettings = {
				ALWAYS_EMBED_SWIFT_STANDARD_LIBRARIES = YES;
				BUNDLE_LOADER = "$(TEST_HOST)";
				CODE_SIGN_STYLE = Automatic;
				CURRENT_PROJECT_VERSION = 1;
				GENERATE_INFOPLIST_FILE = YES;
				IPHONEOS_DEPLOYMENT_TARGET = 17.0;
				MARKETING_VERSION = 1.0;
				PRODUCT_BUNDLE_IDENTIFIER = "io.ios.The-3amTests";
				PRODUCT_NAME = "$(TARGET_NAME)";
				SWIFT_EMIT_LOC_STRINGS = NO;
				SWIFT_VERSION = 5.0;
				TARGETED_DEVICE_FAMILY = "1,2";
				TEST_HOST = "$(BUILT_PRODUCTS_DIR)/The 3am.app/$(BUNDLE_EXECUTABLE_FOLDER_PATH)/The 3am";
			};
			name = Release;
		};
		43EE47722B05DD4B005D82F2 /* Debug */ = {
			isa = XCBuildConfiguration;
			buildSettings = {
				ALWAYS_EMBED_SWIFT_STANDARD_LIBRARIES = YES;
				CODE_SIGN_STYLE = Automatic;
				CURRENT_PROJECT_VERSION = 1;
				GENERATE_INFOPLIST_FILE = YES;
				MARKETING_VERSION = 1.0;
				PRODUCT_BUNDLE_IDENTIFIER = "io.ios.The-3amUITests";
				PRODUCT_NAME = "$(TARGET_NAME)";
				SWIFT_EMIT_LOC_STRINGS = NO;
				SWIFT_VERSION = 5.0;
				TARGETED_DEVICE_FAMILY = "1,2";
				TEST_TARGET_NAME = "The 3am";
			};
			name = Debug;
		};
		43EE47732B05DD4B005D82F2 /* Release */ = {
			isa = XCBuildConfiguration;
			buildSettings = {
				ALWAYS_EMBED_SWIFT_STANDARD_LIBRARIES = YES;
				CODE_SIGN_STYLE = Automatic;
				CURRENT_PROJECT_VERSION = 1;
				GENERATE_INFOPLIST_FILE = YES;
				MARKETING_VERSION = 1.0;
				PRODUCT_BUNDLE_IDENTIFIER = "io.ios.The-3amUITests";
				PRODUCT_NAME = "$(TARGET_NAME)";
				SWIFT_EMIT_LOC_STRINGS = NO;
				SWIFT_VERSION = 5.0;
				TARGETED_DEVICE_FAMILY = "1,2";
				TEST_TARGET_NAME = "The 3am";
			};
			name = Release;
		};
/* End XCBuildConfiguration section */

/* Begin XCConfigurationList section */
		43EE47422B05DD49005D82F2 /* Build configuration list for PBXProject "The 3am" */ = {
			isa = XCConfigurationList;
			buildConfigurations = (
				43EE47692B05DD4B005D82F2 /* Debug */,
				43EE476A2B05DD4B005D82F2 /* Release */,
			);
			defaultConfigurationIsVisible = 0;
			defaultConfigurationName = Release;
		};
		43EE476B2B05DD4B005D82F2 /* Build configuration list for PBXNativeTarget "The 3am" */ = {
			isa = XCConfigurationList;
			buildConfigurations = (
				43EE476C2B05DD4B005D82F2 /* Debug */,
				43EE476D2B05DD4B005D82F2 /* Release */,
			);
			defaultConfigurationIsVisible = 0;
			defaultConfigurationName = Release;
		};
		43EE476E2B05DD4B005D82F2 /* Build configuration list for PBXNativeTarget "The 3amTests" */ = {
			isa = XCConfigurationList;
			buildConfigurations = (
				43EE476F2B05DD4B005D82F2 /* Debug */,
				43EE47702B05DD4B005D82F2 /* Release */,
			);
			defaultConfigurationIsVisible = 0;
			defaultConfigurationName = Release;
		};
		43EE47712B05DD4B005D82F2 /* Build configuration list for PBXNativeTarget "The 3amUITests" */ = {
			isa = XCConfigurationList;
			buildConfigurations = (
				43EE47722B05DD4B005D82F2 /* Debug */,
				43EE47732B05DD4B005D82F2 /* Release */,
			);
			defaultConfigurationIsVisible = 0;
			defaultConfigurationName = Release;
		};
/* End XCConfigurationList section */

/* Begin XCRemoteSwiftPackageReference section */
		43E0458C2B0B08FF0052B96F /* XCRemoteSwiftPackageReference "url-image" */ = {
			isa = XCRemoteSwiftPackageReference;
			repositoryURL = "https://github.com/dmytro-anokhin/url-image";
			requirement = {
				kind = upToNextMajorVersion;
				minimumVersion = 3.1.1;
			};
		};
/* End XCRemoteSwiftPackageReference section */

/* Begin XCSwiftPackageProductDependency section */
		43E0458D2B0B138E0052B96F /* URLImage */ = {
			isa = XCSwiftPackageProductDependency;
			package = 43E0458C2B0B08FF0052B96F /* XCRemoteSwiftPackageReference "url-image" */;
			productName = URLImage;
		};
		43E0458F2B0B138E0052B96F /* URLImageStore */ = {
			isa = XCSwiftPackageProductDependency;
			package = 43E0458C2B0B08FF0052B96F /* XCRemoteSwiftPackageReference "url-image" */;
			productName = URLImageStore;
		};
/* End XCSwiftPackageProductDependency section */
	};
	rootObject = 43EE473F2B05DD49005D82F2 /* Project object */;
}
